<?xml version="1.0" encoding="utf-8"?>
<Project ToolsVersion="4.0" xmlns="http://schemas.microsoft.com/developer/msbuild/2003">
  <ItemGroup>
    <Filter Include="Source Files">
      <UniqueIdentifier>{E3870B3D-EEBE-41B6-BE91-830DC133F8E5}</UniqueIdentifier>
      <Extensions>cpp;c;cc;cxx;def;odl;idl;hpj;bat;asm;asmx</Extensions>
    </Filter>
    <Filter Include="Header Files">
      <UniqueIdentifier>{01C5CA18-2A1D-462D-B915-A455516EE761}</UniqueIdentifier>
      <Extensions>h;hh;hpp;hxx;hm;inl;inc;xsd</Extensions>
    </Filter>
    <Filter Include="Resource Files">
      <UniqueIdentifier>{AEFD1FE6-9033-4EC7-9593-8DCF5A870114}</UniqueIdentifier>
      <Extensions>rc;ico;cur;bmp;dlg;rc2;rct;bin;rgs;gif;jpg;jpeg;jpe;resx;tiff;tif;png;wav;mfcribbon-ms</Extensions>
    </Filter>
  </ItemGroup>
  <ItemGroup>
    <ClCompile Include="../CIMHelper.cpp">
        <Filter>Source Files</Filter>
    </ClCompile>
    <ClCompile Include="UNIX_MagnetoOpticalDrive.cpp">
        <Filter>Source Files</Filter>
    </ClCompile>
    <ClCompile Include="UNIX_MagnetoOpticalDriveMain.cpp">
        <Filter>Source Files</Filter>
    </ClCompile>
    <ClCompile Include="UNIX_MagnetoOpticalDriveProvider.cpp">
        <Filter>Source Files</Filter>
    </ClCompile>
    <ClCompile Include="UNIX_MagnetoOpticalDrive_AIX.cpp">
        <Filter>Source Files</Filter>
    </ClCompile>
    <ClCompile Include="UNIX_MagnetoOpticalDrive_DARWIN.cpp">
        <Filter>Source Files</Filter>
    </ClCompile>
    <ClCompile Include="UNIX_MagnetoOpticalDrive_FREEBSD.cpp">
        <Filter>Source Files</Filter>
    </ClCompile>
    <ClCompile Include="UNIX_MagnetoOpticalDrive_HPUX.cpp">
        <Filter>Source Files</Filter>
    </ClCompile>
    <ClCompile Include="UNIX_MagnetoOpticalDrive_LINUX.cpp">
        <Filter>Source Files</Filter>
    </ClCompile>
    <ClCompile Include="UNIX_MagnetoOpticalDrive_SOLARIS.cpp">
        <Filter>Source Files</Filter>
    </ClCompile>
    <ClCompile Include="UNIX_MagnetoOpticalDrive_STUB.cpp">
        <Filter>Source Files</Filter>
    </ClCompile>
    <ClCompile Include="UNIX_MagnetoOpticalDrive_TRU64.cpp">
        <Filter>Source Files</Filter>
    </ClCompile>
    <ClCompile Include="UNIX_MagnetoOpticalDrive_VMS.cpp">
        <Filter>Source Files</Filter>
    </ClCompile>
    <ClCompile Include="UNIX_MagnetoOpticalDrive_ZOS.cpp">
        <Filter>Source Files</Filter>
    </ClCompile>
  </ItemGroup>
  <ItemGroup>
    <ClInclude Include="Makefile">
        <Filter>Header Files</Filter>
    </ClInclude>
    <ClInclude Include="UNIX_MagnetoOpticalDrive.cproj">
        <Filter>Header Files</Filter>
    </ClInclude>
    <ClInclude Include="UNIX_MagnetoOpticalDrive.h">
        <Filter>Header Files</Filter>
    </ClInclude>
    <ClInclude Include="UNIX_MagnetoOpticalDrive.md.pc">
        <Filter>Header Files</Filter>
    </ClInclude>
    <ClInclude Include="UNIX_MagnetoOpticalDrive.vcxproj">
        <Filter>Header Files</Filter>
    </ClInclude>
    <ClInclude Include="UNIX_MagnetoOpticalDriveDeps.h">
        <Filter>Header Files</Filter>
    </ClInclude>
    <ClInclude Include="UNIX_MagnetoOpticalDriveDeps_AIX.h">
        <Filter>Header Files</Filter>
    </ClInclude>
    <ClInclude Include="UNIX_MagnetoOpticalDriveDeps_DARWIN.h">
        <Filter>Header Files</Filter>
    </ClInclude>
    <ClInclude Include="UNIX_MagnetoOpticalDriveDeps_FREEBSD.h">
        <Filter>Header Files</Filter>
    </ClInclude>
    <ClInclude Include="UNIX_MagnetoOpticalDriveDeps_HPUX.h">
        <Filter>Header Files</Filter>
    </ClInclude>
    <ClInclude Include="UNIX_MagnetoOpticalDriveDeps_LINUX.h">
        <Filter>Header Files</Filter>
    </ClInclude>
    <ClInclude Include="UNIX_MagnetoOpticalDriveDeps_SOLARIS.h">
        <Filter>Header Files</Filter>
    </ClInclude>
    <ClInclude Include="UNIX_MagnetoOpticalDriveDeps_STUB.h">
        <Filter>Header Files</Filter>
    </ClInclude>
    <ClInclude Include="UNIX_MagnetoOpticalDriveDeps_TRU64.h">
        <Filter>Header Files</Filter>
    </ClInclude>
    <ClInclude Include="UNIX_MagnetoOpticalDriveDeps_VMS.h">
        <Filter>Header Files</Filter>
    </ClInclude>
    <ClInclude Include="UNIX_MagnetoOpticalDriveDeps_ZOS.h">
        <Filter>Header Files</Filter>
    </ClInclude>
    <ClInclude Include="UNIX_MagnetoOpticalDrivePrivate.h">
        <Filter>Header Files</Filter>
    </ClInclude>
    <ClInclude Include="UNIX_MagnetoOpticalDrivePrivate_AIX.h">
        <Filter>Header Files</Filter>
    </ClInclude>
    <ClInclude Include="UNIX_MagnetoOpticalDrivePrivate_DARWIN.h">
        <Filter>Header Files</Filter>
    </ClInclude>
    <ClInclude Include="UNIX_MagnetoOpticalDrivePrivate_FREEBSD.h">
        <Filter>Header Files</Filter>
    </ClInclude>
    <ClInclude Include="UNIX_MagnetoOpticalDrivePrivate_HPUX.h">
        <Filter>Header Files</Filter>
    </ClInclude>
    <ClInclude Include="UNIX_MagnetoOpticalDrivePrivate_LINUX.h">
        <Filter>Header Files</Filter>
    </ClInclude>
    <ClInclude Include="UNIX_MagnetoOpticalDrivePrivate_SOLARIS.h">
        <Filter>Header Files</Filter>
    </ClInclude>
    <ClInclude Include="UNIX_MagnetoOpticalDrivePrivate_STUB.h">
        <Filter>Header Files</Filter>
    </ClInclude>
    <ClInclude Include="UNIX_MagnetoOpticalDrivePrivate_TRU64.h">
        <Filter>Header Files</Filter>
    </ClInclude>
    <ClInclude Include="UNIX_MagnetoOpticalDrivePrivate_VMS.h">
        <Filter>Header Files</Filter>
    </ClInclude>
    <ClInclude Include="UNIX_MagnetoOpticalDrivePrivate_ZOS.h">
        <Filter>Header Files</Filter>
    </ClInclude>
    <ClInclude Include="UNIX_MagnetoOpticalDriveProvider.h">
        <Filter>Header Files</Filter>
    </ClInclude>
    <ClInclude Include="UNIX_MagnetoOpticalDrive_AIX.hpp">
        <Filter>Header Files</Filter>
    </ClInclude>
    <ClInclude Include="UNIX_MagnetoOpticalDrive_AIX.hxx">
        <Filter>Header Files</Filter>
    </ClInclude>
    <ClInclude Include="UNIX_MagnetoOpticalDrive_DARWIN.hpp">
        <Filter>Header Files</Filter>
    </ClInclude>
    <ClInclude Include="UNIX_MagnetoOpticalDrive_DARWIN.hxx">
        <Filter>Header Files</Filter>
    </ClInclude>
    <ClInclude Include="UNIX_MagnetoOpticalDrive_FREEBSD.hpp">
        <Filter>Header Files</Filter>
    </ClInclude>
    <ClInclude Include="UNIX_MagnetoOpticalDrive_FREEBSD.hxx">
        <Filter>Header Files</Filter>
    </ClInclude>
    <ClInclude Include="UNIX_MagnetoOpticalDrive_HPUX.hpp">
        <Filter>Header Files</Filter>
    </ClInclude>
    <ClInclude Include="UNIX_MagnetoOpticalDrive_HPUX.hxx">
        <Filter>Header Files</Filter>
    </ClInclude>
    <ClInclude Include="UNIX_MagnetoOpticalDrive_LINUX.hpp">
        <Filter>Header Files</Filter>
    </ClInclude>
    <ClInclude Include="UNIX_MagnetoOpticalDrive_LINUX.hxx">
        <Filter>Header Files</Filter>
    </ClInclude>
    <ClInclude Include="UNIX_MagnetoOpticalDrive_SOLARIS.hpp">
        <Filter>Header Files</Filter>
    </ClInclude>
    <ClInclude Include="UNIX_MagnetoOpticalDrive_SOLARIS.hxx">
        <Filter>Header Files</Filter>
    </ClInclude>
    <ClInclude Include="UNIX_MagnetoOpticalDrive_STUB.hpp">
        <Filter>Header Files</Filter>
    </ClInclude>
    <ClInclude Include="UNIX_MagnetoOpticalDrive_STUB.hxx">
        <Filter>Header Files</Filter>
    </ClInclude>
    <ClInclude Include="UNIX_MagnetoOpticalDrive_TRU64.hpp">
        <Filter>Header Files</Filter>
    </ClInclude>
    <ClInclude Include="UNIX_MagnetoOpticalDrive_TRU64.hxx">
        <Filter>Header Files</Filter>
    </ClInclude>
    <ClInclude Include="UNIX_MagnetoOpticalDrive_VMS.hpp">
        <Filter>Header Files</Filter>
    </ClInclude>
    <ClInclude Include="UNIX_MagnetoOpticalDrive_VMS.hxx">
        <Filter>Header Files</Filter>
    </ClInclude>
    <ClInclude Include="UNIX_MagnetoOpticalDrive_WIN32.hpp">
        <Filter>Header Files</Filter>
    </ClInclude>
    <ClInclude Include="UNIX_MagnetoOpticalDrive_ZOS.hpp">
        <Filter>Header Files</Filter>
    </ClInclude>
    <ClInclude Include="UNIX_MagnetoOpticalDrive_ZOS.hxx">
        <Filter>Header Files</Filter>
    </ClInclude>
  </ItemGroup>
  <ItemGroup>
  </ItemGroup>
  <ItemGroup>
  </ItemGroup>
</Project>
