<?xml version="1.0" encoding="utf-8"?>
<Project ToolsVersion="4.0" xmlns="http://schemas.microsoft.com/developer/msbuild/2003">
  <ItemGroup>
    <Filter Include="Source Files">
      <UniqueIdentifier>{110ABDC6-E541-41F4-8C8B-664E2054FC3D}</UniqueIdentifier>
      <Extensions>cpp;c;cc;cxx;def;odl;idl;hpj;bat;asm;asmx</Extensions>
    </Filter>
    <Filter Include="Header Files">
      <UniqueIdentifier>{499F1991-5018-4B16-AC68-578E87B297E2}</UniqueIdentifier>
      <Extensions>h;hh;hpp;hxx;hm;inl;inc;xsd</Extensions>
    </Filter>
    <Filter Include="Resource Files">
      <UniqueIdentifier>{73898906-03F3-4553-B494-8A9979D6FB32}</UniqueIdentifier>
      <Extensions>rc;ico;cur;bmp;dlg;rc2;rct;bin;rgs;gif;jpg;jpeg;jpe;resx;tiff;tif;png;wav;mfcribbon-ms</Extensions>
    </Filter>
  </ItemGroup>
  <ItemGroup>
    <ClCompile Include="../MockResponseHandler.cpp">
        <Filter>Source Files</Filter>
    </ClCompile>
    <ClCompile Include="UNIX_NetworkPortConfigurationServiceFixture.cpp">
        <Filter>Source Files</Filter>
    </ClCompile>
    <ClCompile Include="main.cpp">
        <Filter>Source Files</Filter>
    </ClCompile>
  </ItemGroup>
  <ItemGroup>
    <ClInclude Include="RunTestUNIX_NetworkPortConfigurationService.sh">
        <Filter>Header Files</Filter>
    </ClInclude>
    <ClInclude Include="UNIX_NetworkPortConfigurationService.Tests.cproj">
        <Filter>Header Files</Filter>
    </ClInclude>
    <ClInclude Include="UNIX_NetworkPortConfigurationService.Tests.vcxproj">
        <Filter>Header Files</Filter>
    </ClInclude>
    <ClInclude Include="UNIX_NetworkPortConfigurationServiceFixture.h">
        <Filter>Header Files</Filter>
    </ClInclude>
  </ItemGroup>
  <ItemGroup>
  </ItemGroup>
</Project>
