<?xml version="1.0" encoding="utf-8"?>
<Project ToolsVersion="4.0" xmlns="http://schemas.microsoft.com/developer/msbuild/2003">
  <ItemGroup>
    <Filter Include="Source Files">
      <UniqueIdentifier>{0BB5BFE9-FF94-43B1-AE1E-19A4FE8378C0}</UniqueIdentifier>
      <Extensions>cpp;c;cc;cxx;def;odl;idl;hpj;bat;asm;asmx</Extensions>
    </Filter>
    <Filter Include="Header Files">
      <UniqueIdentifier>{CCB8860E-FA27-4425-B8D8-CAD12D01E848}</UniqueIdentifier>
      <Extensions>h;hh;hpp;hxx;hm;inl;inc;xsd</Extensions>
    </Filter>
    <Filter Include="Resource Files">
      <UniqueIdentifier>{2E40DE03-28AA-447F-B468-C7AE7F9D7C98}</UniqueIdentifier>
      <Extensions>rc;ico;cur;bmp;dlg;rc2;rct;bin;rgs;gif;jpg;jpeg;jpe;resx;tiff;tif;png;wav;mfcribbon-ms</Extensions>
    </Filter>
  </ItemGroup>
  <ItemGroup>
    <ClCompile Include="../CIMHelper.cpp">
        <Filter>Source Files</Filter>
    </ClCompile>
    <ClCompile Include="UNIX_MPLSOutSegment.cpp">
        <Filter>Source Files</Filter>
    </ClCompile>
    <ClCompile Include="UNIX_MPLSOutSegmentMain.cpp">
        <Filter>Source Files</Filter>
    </ClCompile>
    <ClCompile Include="UNIX_MPLSOutSegmentProvider.cpp">
        <Filter>Source Files</Filter>
    </ClCompile>
    <ClCompile Include="UNIX_MPLSOutSegment_AIX.cpp">
        <Filter>Source Files</Filter>
    </ClCompile>
    <ClCompile Include="UNIX_MPLSOutSegment_DARWIN.cpp">
        <Filter>Source Files</Filter>
    </ClCompile>
    <ClCompile Include="UNIX_MPLSOutSegment_FREEBSD.cpp">
        <Filter>Source Files</Filter>
    </ClCompile>
    <ClCompile Include="UNIX_MPLSOutSegment_HPUX.cpp">
        <Filter>Source Files</Filter>
    </ClCompile>
    <ClCompile Include="UNIX_MPLSOutSegment_LINUX.cpp">
        <Filter>Source Files</Filter>
    </ClCompile>
    <ClCompile Include="UNIX_MPLSOutSegment_SOLARIS.cpp">
        <Filter>Source Files</Filter>
    </ClCompile>
    <ClCompile Include="UNIX_MPLSOutSegment_STUB.cpp">
        <Filter>Source Files</Filter>
    </ClCompile>
    <ClCompile Include="UNIX_MPLSOutSegment_TRU64.cpp">
        <Filter>Source Files</Filter>
    </ClCompile>
    <ClCompile Include="UNIX_MPLSOutSegment_VMS.cpp">
        <Filter>Source Files</Filter>
    </ClCompile>
    <ClCompile Include="UNIX_MPLSOutSegment_ZOS.cpp">
        <Filter>Source Files</Filter>
    </ClCompile>
  </ItemGroup>
  <ItemGroup>
    <ClInclude Include="Makefile">
        <Filter>Header Files</Filter>
    </ClInclude>
    <ClInclude Include="UNIX_MPLSOutSegment.cproj">
        <Filter>Header Files</Filter>
    </ClInclude>
    <ClInclude Include="UNIX_MPLSOutSegment.h">
        <Filter>Header Files</Filter>
    </ClInclude>
    <ClInclude Include="UNIX_MPLSOutSegment.md.pc">
        <Filter>Header Files</Filter>
    </ClInclude>
    <ClInclude Include="UNIX_MPLSOutSegment.vcxproj">
        <Filter>Header Files</Filter>
    </ClInclude>
    <ClInclude Include="UNIX_MPLSOutSegmentDeps.h">
        <Filter>Header Files</Filter>
    </ClInclude>
    <ClInclude Include="UNIX_MPLSOutSegmentDeps_AIX.h">
        <Filter>Header Files</Filter>
    </ClInclude>
    <ClInclude Include="UNIX_MPLSOutSegmentDeps_DARWIN.h">
        <Filter>Header Files</Filter>
    </ClInclude>
    <ClInclude Include="UNIX_MPLSOutSegmentDeps_FREEBSD.h">
        <Filter>Header Files</Filter>
    </ClInclude>
    <ClInclude Include="UNIX_MPLSOutSegmentDeps_HPUX.h">
        <Filter>Header Files</Filter>
    </ClInclude>
    <ClInclude Include="UNIX_MPLSOutSegmentDeps_LINUX.h">
        <Filter>Header Files</Filter>
    </ClInclude>
    <ClInclude Include="UNIX_MPLSOutSegmentDeps_SOLARIS.h">
        <Filter>Header Files</Filter>
    </ClInclude>
    <ClInclude Include="UNIX_MPLSOutSegmentDeps_STUB.h">
        <Filter>Header Files</Filter>
    </ClInclude>
    <ClInclude Include="UNIX_MPLSOutSegmentDeps_TRU64.h">
        <Filter>Header Files</Filter>
    </ClInclude>
    <ClInclude Include="UNIX_MPLSOutSegmentDeps_VMS.h">
        <Filter>Header Files</Filter>
    </ClInclude>
    <ClInclude Include="UNIX_MPLSOutSegmentDeps_ZOS.h">
        <Filter>Header Files</Filter>
    </ClInclude>
    <ClInclude Include="UNIX_MPLSOutSegmentPrivate.h">
        <Filter>Header Files</Filter>
    </ClInclude>
    <ClInclude Include="UNIX_MPLSOutSegmentPrivate_AIX.h">
        <Filter>Header Files</Filter>
    </ClInclude>
    <ClInclude Include="UNIX_MPLSOutSegmentPrivate_DARWIN.h">
        <Filter>Header Files</Filter>
    </ClInclude>
    <ClInclude Include="UNIX_MPLSOutSegmentPrivate_FREEBSD.h">
        <Filter>Header Files</Filter>
    </ClInclude>
    <ClInclude Include="UNIX_MPLSOutSegmentPrivate_HPUX.h">
        <Filter>Header Files</Filter>
    </ClInclude>
    <ClInclude Include="UNIX_MPLSOutSegmentPrivate_LINUX.h">
        <Filter>Header Files</Filter>
    </ClInclude>
    <ClInclude Include="UNIX_MPLSOutSegmentPrivate_SOLARIS.h">
        <Filter>Header Files</Filter>
    </ClInclude>
    <ClInclude Include="UNIX_MPLSOutSegmentPrivate_STUB.h">
        <Filter>Header Files</Filter>
    </ClInclude>
    <ClInclude Include="UNIX_MPLSOutSegmentPrivate_TRU64.h">
        <Filter>Header Files</Filter>
    </ClInclude>
    <ClInclude Include="UNIX_MPLSOutSegmentPrivate_VMS.h">
        <Filter>Header Files</Filter>
    </ClInclude>
    <ClInclude Include="UNIX_MPLSOutSegmentPrivate_ZOS.h">
        <Filter>Header Files</Filter>
    </ClInclude>
    <ClInclude Include="UNIX_MPLSOutSegmentProvider.h">
        <Filter>Header Files</Filter>
    </ClInclude>
    <ClInclude Include="UNIX_MPLSOutSegment_AIX.hpp">
        <Filter>Header Files</Filter>
    </ClInclude>
    <ClInclude Include="UNIX_MPLSOutSegment_AIX.hxx">
        <Filter>Header Files</Filter>
    </ClInclude>
    <ClInclude Include="UNIX_MPLSOutSegment_DARWIN.hpp">
        <Filter>Header Files</Filter>
    </ClInclude>
    <ClInclude Include="UNIX_MPLSOutSegment_DARWIN.hxx">
        <Filter>Header Files</Filter>
    </ClInclude>
    <ClInclude Include="UNIX_MPLSOutSegment_FREEBSD.hpp">
        <Filter>Header Files</Filter>
    </ClInclude>
    <ClInclude Include="UNIX_MPLSOutSegment_FREEBSD.hxx">
        <Filter>Header Files</Filter>
    </ClInclude>
    <ClInclude Include="UNIX_MPLSOutSegment_HPUX.hpp">
        <Filter>Header Files</Filter>
    </ClInclude>
    <ClInclude Include="UNIX_MPLSOutSegment_HPUX.hxx">
        <Filter>Header Files</Filter>
    </ClInclude>
    <ClInclude Include="UNIX_MPLSOutSegment_LINUX.hpp">
        <Filter>Header Files</Filter>
    </ClInclude>
    <ClInclude Include="UNIX_MPLSOutSegment_LINUX.hxx">
        <Filter>Header Files</Filter>
    </ClInclude>
    <ClInclude Include="UNIX_MPLSOutSegment_SOLARIS.hpp">
        <Filter>Header Files</Filter>
    </ClInclude>
    <ClInclude Include="UNIX_MPLSOutSegment_SOLARIS.hxx">
        <Filter>Header Files</Filter>
    </ClInclude>
    <ClInclude Include="UNIX_MPLSOutSegment_STUB.hpp">
        <Filter>Header Files</Filter>
    </ClInclude>
    <ClInclude Include="UNIX_MPLSOutSegment_STUB.hxx">
        <Filter>Header Files</Filter>
    </ClInclude>
    <ClInclude Include="UNIX_MPLSOutSegment_TRU64.hpp">
        <Filter>Header Files</Filter>
    </ClInclude>
    <ClInclude Include="UNIX_MPLSOutSegment_TRU64.hxx">
        <Filter>Header Files</Filter>
    </ClInclude>
    <ClInclude Include="UNIX_MPLSOutSegment_VMS.hpp">
        <Filter>Header Files</Filter>
    </ClInclude>
    <ClInclude Include="UNIX_MPLSOutSegment_VMS.hxx">
        <Filter>Header Files</Filter>
    </ClInclude>
    <ClInclude Include="UNIX_MPLSOutSegment_WIN32.hpp">
        <Filter>Header Files</Filter>
    </ClInclude>
    <ClInclude Include="UNIX_MPLSOutSegment_ZOS.hpp">
        <Filter>Header Files</Filter>
    </ClInclude>
    <ClInclude Include="UNIX_MPLSOutSegment_ZOS.hxx">
        <Filter>Header Files</Filter>
    </ClInclude>
  </ItemGroup>
  <ItemGroup>
  </ItemGroup>
  <ItemGroup>
  </ItemGroup>
</Project>
