<?xml version="1.0" encoding="utf-8"?>
<Project ToolsVersion="4.0" xmlns="http://schemas.microsoft.com/developer/msbuild/2003">
  <ItemGroup>
    <Filter Include="Source Files">
      <UniqueIdentifier>{1E3A7B56-4C54-4FAA-B237-0946176C2C32}</UniqueIdentifier>
      <Extensions>cpp;c;cc;cxx;def;odl;idl;hpj;bat;asm;asmx</Extensions>
    </Filter>
    <Filter Include="Header Files">
      <UniqueIdentifier>{5E7CEFBF-23B5-4CFF-8208-07DC06705BA2}</UniqueIdentifier>
      <Extensions>h;hh;hpp;hxx;hm;inl;inc;xsd</Extensions>
    </Filter>
    <Filter Include="Resource Files">
      <UniqueIdentifier>{7C580D66-B022-4DAB-A53D-88BBE169E1F0}</UniqueIdentifier>
      <Extensions>rc;ico;cur;bmp;dlg;rc2;rct;bin;rgs;gif;jpg;jpeg;jpe;resx;tiff;tif;png;wav;mfcribbon-ms</Extensions>
    </Filter>
  </ItemGroup>
  <ItemGroup>
    <ClCompile Include="../CIMHelper.cpp">
        <Filter>Source Files</Filter>
    </ClCompile>
    <ClCompile Include="UNIX_iSCSIConfigurationCapabilities.cpp">
        <Filter>Source Files</Filter>
    </ClCompile>
    <ClCompile Include="UNIX_iSCSIConfigurationCapabilitiesMain.cpp">
        <Filter>Source Files</Filter>
    </ClCompile>
    <ClCompile Include="UNIX_iSCSIConfigurationCapabilitiesProvider.cpp">
        <Filter>Source Files</Filter>
    </ClCompile>
    <ClCompile Include="UNIX_iSCSIConfigurationCapabilities_AIX.cpp">
        <Filter>Source Files</Filter>
    </ClCompile>
    <ClCompile Include="UNIX_iSCSIConfigurationCapabilities_DARWIN.cpp">
        <Filter>Source Files</Filter>
    </ClCompile>
    <ClCompile Include="UNIX_iSCSIConfigurationCapabilities_FREEBSD.cpp">
        <Filter>Source Files</Filter>
    </ClCompile>
    <ClCompile Include="UNIX_iSCSIConfigurationCapabilities_HPUX.cpp">
        <Filter>Source Files</Filter>
    </ClCompile>
    <ClCompile Include="UNIX_iSCSIConfigurationCapabilities_LINUX.cpp">
        <Filter>Source Files</Filter>
    </ClCompile>
    <ClCompile Include="UNIX_iSCSIConfigurationCapabilities_SOLARIS.cpp">
        <Filter>Source Files</Filter>
    </ClCompile>
    <ClCompile Include="UNIX_iSCSIConfigurationCapabilities_STUB.cpp">
        <Filter>Source Files</Filter>
    </ClCompile>
    <ClCompile Include="UNIX_iSCSIConfigurationCapabilities_TRU64.cpp">
        <Filter>Source Files</Filter>
    </ClCompile>
    <ClCompile Include="UNIX_iSCSIConfigurationCapabilities_VMS.cpp">
        <Filter>Source Files</Filter>
    </ClCompile>
    <ClCompile Include="UNIX_iSCSIConfigurationCapabilities_ZOS.cpp">
        <Filter>Source Files</Filter>
    </ClCompile>
  </ItemGroup>
  <ItemGroup>
    <ClInclude Include="Makefile">
        <Filter>Header Files</Filter>
    </ClInclude>
    <ClInclude Include="UNIX_iSCSIConfigurationCapabilities.cproj">
        <Filter>Header Files</Filter>
    </ClInclude>
    <ClInclude Include="UNIX_iSCSIConfigurationCapabilities.h">
        <Filter>Header Files</Filter>
    </ClInclude>
    <ClInclude Include="UNIX_iSCSIConfigurationCapabilities.md.pc">
        <Filter>Header Files</Filter>
    </ClInclude>
    <ClInclude Include="UNIX_iSCSIConfigurationCapabilities.vcxproj">
        <Filter>Header Files</Filter>
    </ClInclude>
    <ClInclude Include="UNIX_iSCSIConfigurationCapabilitiesDeps.h">
        <Filter>Header Files</Filter>
    </ClInclude>
    <ClInclude Include="UNIX_iSCSIConfigurationCapabilitiesDeps_AIX.h">
        <Filter>Header Files</Filter>
    </ClInclude>
    <ClInclude Include="UNIX_iSCSIConfigurationCapabilitiesDeps_DARWIN.h">
        <Filter>Header Files</Filter>
    </ClInclude>
    <ClInclude Include="UNIX_iSCSIConfigurationCapabilitiesDeps_FREEBSD.h">
        <Filter>Header Files</Filter>
    </ClInclude>
    <ClInclude Include="UNIX_iSCSIConfigurationCapabilitiesDeps_HPUX.h">
        <Filter>Header Files</Filter>
    </ClInclude>
    <ClInclude Include="UNIX_iSCSIConfigurationCapabilitiesDeps_LINUX.h">
        <Filter>Header Files</Filter>
    </ClInclude>
    <ClInclude Include="UNIX_iSCSIConfigurationCapabilitiesDeps_SOLARIS.h">
        <Filter>Header Files</Filter>
    </ClInclude>
    <ClInclude Include="UNIX_iSCSIConfigurationCapabilitiesDeps_STUB.h">
        <Filter>Header Files</Filter>
    </ClInclude>
    <ClInclude Include="UNIX_iSCSIConfigurationCapabilitiesDeps_TRU64.h">
        <Filter>Header Files</Filter>
    </ClInclude>
    <ClInclude Include="UNIX_iSCSIConfigurationCapabilitiesDeps_VMS.h">
        <Filter>Header Files</Filter>
    </ClInclude>
    <ClInclude Include="UNIX_iSCSIConfigurationCapabilitiesDeps_ZOS.h">
        <Filter>Header Files</Filter>
    </ClInclude>
    <ClInclude Include="UNIX_iSCSIConfigurationCapabilitiesPrivate.h">
        <Filter>Header Files</Filter>
    </ClInclude>
    <ClInclude Include="UNIX_iSCSIConfigurationCapabilitiesPrivate_AIX.h">
        <Filter>Header Files</Filter>
    </ClInclude>
    <ClInclude Include="UNIX_iSCSIConfigurationCapabilitiesPrivate_DARWIN.h">
        <Filter>Header Files</Filter>
    </ClInclude>
    <ClInclude Include="UNIX_iSCSIConfigurationCapabilitiesPrivate_FREEBSD.h">
        <Filter>Header Files</Filter>
    </ClInclude>
    <ClInclude Include="UNIX_iSCSIConfigurationCapabilitiesPrivate_HPUX.h">
        <Filter>Header Files</Filter>
    </ClInclude>
    <ClInclude Include="UNIX_iSCSIConfigurationCapabilitiesPrivate_LINUX.h">
        <Filter>Header Files</Filter>
    </ClInclude>
    <ClInclude Include="UNIX_iSCSIConfigurationCapabilitiesPrivate_SOLARIS.h">
        <Filter>Header Files</Filter>
    </ClInclude>
    <ClInclude Include="UNIX_iSCSIConfigurationCapabilitiesPrivate_STUB.h">
        <Filter>Header Files</Filter>
    </ClInclude>
    <ClInclude Include="UNIX_iSCSIConfigurationCapabilitiesPrivate_TRU64.h">
        <Filter>Header Files</Filter>
    </ClInclude>
    <ClInclude Include="UNIX_iSCSIConfigurationCapabilitiesPrivate_VMS.h">
        <Filter>Header Files</Filter>
    </ClInclude>
    <ClInclude Include="UNIX_iSCSIConfigurationCapabilitiesPrivate_ZOS.h">
        <Filter>Header Files</Filter>
    </ClInclude>
    <ClInclude Include="UNIX_iSCSIConfigurationCapabilitiesProvider.h">
        <Filter>Header Files</Filter>
    </ClInclude>
    <ClInclude Include="UNIX_iSCSIConfigurationCapabilities_AIX.hpp">
        <Filter>Header Files</Filter>
    </ClInclude>
    <ClInclude Include="UNIX_iSCSIConfigurationCapabilities_AIX.hxx">
        <Filter>Header Files</Filter>
    </ClInclude>
    <ClInclude Include="UNIX_iSCSIConfigurationCapabilities_DARWIN.hpp">
        <Filter>Header Files</Filter>
    </ClInclude>
    <ClInclude Include="UNIX_iSCSIConfigurationCapabilities_DARWIN.hxx">
        <Filter>Header Files</Filter>
    </ClInclude>
    <ClInclude Include="UNIX_iSCSIConfigurationCapabilities_FREEBSD.hpp">
        <Filter>Header Files</Filter>
    </ClInclude>
    <ClInclude Include="UNIX_iSCSIConfigurationCapabilities_FREEBSD.hxx">
        <Filter>Header Files</Filter>
    </ClInclude>
    <ClInclude Include="UNIX_iSCSIConfigurationCapabilities_HPUX.hpp">
        <Filter>Header Files</Filter>
    </ClInclude>
    <ClInclude Include="UNIX_iSCSIConfigurationCapabilities_HPUX.hxx">
        <Filter>Header Files</Filter>
    </ClInclude>
    <ClInclude Include="UNIX_iSCSIConfigurationCapabilities_LINUX.hpp">
        <Filter>Header Files</Filter>
    </ClInclude>
    <ClInclude Include="UNIX_iSCSIConfigurationCapabilities_LINUX.hxx">
        <Filter>Header Files</Filter>
    </ClInclude>
    <ClInclude Include="UNIX_iSCSIConfigurationCapabilities_SOLARIS.hpp">
        <Filter>Header Files</Filter>
    </ClInclude>
    <ClInclude Include="UNIX_iSCSIConfigurationCapabilities_SOLARIS.hxx">
        <Filter>Header Files</Filter>
    </ClInclude>
    <ClInclude Include="UNIX_iSCSIConfigurationCapabilities_STUB.hpp">
        <Filter>Header Files</Filter>
    </ClInclude>
    <ClInclude Include="UNIX_iSCSIConfigurationCapabilities_STUB.hxx">
        <Filter>Header Files</Filter>
    </ClInclude>
    <ClInclude Include="UNIX_iSCSIConfigurationCapabilities_TRU64.hpp">
        <Filter>Header Files</Filter>
    </ClInclude>
    <ClInclude Include="UNIX_iSCSIConfigurationCapabilities_TRU64.hxx">
        <Filter>Header Files</Filter>
    </ClInclude>
    <ClInclude Include="UNIX_iSCSIConfigurationCapabilities_VMS.hpp">
        <Filter>Header Files</Filter>
    </ClInclude>
    <ClInclude Include="UNIX_iSCSIConfigurationCapabilities_VMS.hxx">
        <Filter>Header Files</Filter>
    </ClInclude>
    <ClInclude Include="UNIX_iSCSIConfigurationCapabilities_WIN32.hpp">
        <Filter>Header Files</Filter>
    </ClInclude>
    <ClInclude Include="UNIX_iSCSIConfigurationCapabilities_ZOS.hpp">
        <Filter>Header Files</Filter>
    </ClInclude>
    <ClInclude Include="UNIX_iSCSIConfigurationCapabilities_ZOS.hxx">
        <Filter>Header Files</Filter>
    </ClInclude>
  </ItemGroup>
  <ItemGroup>
  </ItemGroup>
  <ItemGroup>
  </ItemGroup>
</Project>
