<?xml version="1.0" encoding="utf-8"?>
<Project ToolsVersion="4.0" xmlns="http://schemas.microsoft.com/developer/msbuild/2003">
  <ItemGroup>
    <Filter Include="Source Files">
      <UniqueIdentifier>{F5E68019-290E-4AE4-9F96-4199B0A9E419}</UniqueIdentifier>
      <Extensions>cpp;c;cc;cxx;def;odl;idl;hpj;bat;asm;asmx</Extensions>
    </Filter>
    <Filter Include="Header Files">
      <UniqueIdentifier>{41904B6D-4A0C-4407-A678-8441630900D5}</UniqueIdentifier>
      <Extensions>h;hh;hpp;hxx;hm;inl;inc;xsd</Extensions>
    </Filter>
    <Filter Include="Resource Files">
      <UniqueIdentifier>{9EFA4C9A-6F3B-4EDE-94AB-6229E65DEA13}</UniqueIdentifier>
      <Extensions>rc;ico;cur;bmp;dlg;rc2;rct;bin;rgs;gif;jpg;jpeg;jpe;resx;tiff;tif;png;wav;mfcribbon-ms</Extensions>
    </Filter>
  </ItemGroup>
  <ItemGroup>
    <ClCompile Include="../CIMHelper.cpp">
        <Filter>Source Files</Filter>
    </ClCompile>
    <ClCompile Include="UNIX_IPConnectivitySubnet.cpp">
        <Filter>Source Files</Filter>
    </ClCompile>
    <ClCompile Include="UNIX_IPConnectivitySubnetMain.cpp">
        <Filter>Source Files</Filter>
    </ClCompile>
    <ClCompile Include="UNIX_IPConnectivitySubnetProvider.cpp">
        <Filter>Source Files</Filter>
    </ClCompile>
    <ClCompile Include="UNIX_IPConnectivitySubnet_AIX.cpp">
        <Filter>Source Files</Filter>
    </ClCompile>
    <ClCompile Include="UNIX_IPConnectivitySubnet_DARWIN.cpp">
        <Filter>Source Files</Filter>
    </ClCompile>
    <ClCompile Include="UNIX_IPConnectivitySubnet_FREEBSD.cpp">
        <Filter>Source Files</Filter>
    </ClCompile>
    <ClCompile Include="UNIX_IPConnectivitySubnet_HPUX.cpp">
        <Filter>Source Files</Filter>
    </ClCompile>
    <ClCompile Include="UNIX_IPConnectivitySubnet_LINUX.cpp">
        <Filter>Source Files</Filter>
    </ClCompile>
    <ClCompile Include="UNIX_IPConnectivitySubnet_SOLARIS.cpp">
        <Filter>Source Files</Filter>
    </ClCompile>
    <ClCompile Include="UNIX_IPConnectivitySubnet_STUB.cpp">
        <Filter>Source Files</Filter>
    </ClCompile>
    <ClCompile Include="UNIX_IPConnectivitySubnet_TRU64.cpp">
        <Filter>Source Files</Filter>
    </ClCompile>
    <ClCompile Include="UNIX_IPConnectivitySubnet_VMS.cpp">
        <Filter>Source Files</Filter>
    </ClCompile>
    <ClCompile Include="UNIX_IPConnectivitySubnet_ZOS.cpp">
        <Filter>Source Files</Filter>
    </ClCompile>
  </ItemGroup>
  <ItemGroup>
    <ClInclude Include="Makefile">
        <Filter>Header Files</Filter>
    </ClInclude>
    <ClInclude Include="UNIX_IPConnectivitySubnet.cproj">
        <Filter>Header Files</Filter>
    </ClInclude>
    <ClInclude Include="UNIX_IPConnectivitySubnet.h">
        <Filter>Header Files</Filter>
    </ClInclude>
    <ClInclude Include="UNIX_IPConnectivitySubnet.md.pc">
        <Filter>Header Files</Filter>
    </ClInclude>
    <ClInclude Include="UNIX_IPConnectivitySubnet.vcxproj">
        <Filter>Header Files</Filter>
    </ClInclude>
    <ClInclude Include="UNIX_IPConnectivitySubnetDeps.h">
        <Filter>Header Files</Filter>
    </ClInclude>
    <ClInclude Include="UNIX_IPConnectivitySubnetDeps_AIX.h">
        <Filter>Header Files</Filter>
    </ClInclude>
    <ClInclude Include="UNIX_IPConnectivitySubnetDeps_DARWIN.h">
        <Filter>Header Files</Filter>
    </ClInclude>
    <ClInclude Include="UNIX_IPConnectivitySubnetDeps_FREEBSD.h">
        <Filter>Header Files</Filter>
    </ClInclude>
    <ClInclude Include="UNIX_IPConnectivitySubnetDeps_HPUX.h">
        <Filter>Header Files</Filter>
    </ClInclude>
    <ClInclude Include="UNIX_IPConnectivitySubnetDeps_LINUX.h">
        <Filter>Header Files</Filter>
    </ClInclude>
    <ClInclude Include="UNIX_IPConnectivitySubnetDeps_SOLARIS.h">
        <Filter>Header Files</Filter>
    </ClInclude>
    <ClInclude Include="UNIX_IPConnectivitySubnetDeps_STUB.h">
        <Filter>Header Files</Filter>
    </ClInclude>
    <ClInclude Include="UNIX_IPConnectivitySubnetDeps_TRU64.h">
        <Filter>Header Files</Filter>
    </ClInclude>
    <ClInclude Include="UNIX_IPConnectivitySubnetDeps_VMS.h">
        <Filter>Header Files</Filter>
    </ClInclude>
    <ClInclude Include="UNIX_IPConnectivitySubnetDeps_ZOS.h">
        <Filter>Header Files</Filter>
    </ClInclude>
    <ClInclude Include="UNIX_IPConnectivitySubnetPrivate.h">
        <Filter>Header Files</Filter>
    </ClInclude>
    <ClInclude Include="UNIX_IPConnectivitySubnetPrivate_AIX.h">
        <Filter>Header Files</Filter>
    </ClInclude>
    <ClInclude Include="UNIX_IPConnectivitySubnetPrivate_DARWIN.h">
        <Filter>Header Files</Filter>
    </ClInclude>
    <ClInclude Include="UNIX_IPConnectivitySubnetPrivate_FREEBSD.h">
        <Filter>Header Files</Filter>
    </ClInclude>
    <ClInclude Include="UNIX_IPConnectivitySubnetPrivate_HPUX.h">
        <Filter>Header Files</Filter>
    </ClInclude>
    <ClInclude Include="UNIX_IPConnectivitySubnetPrivate_LINUX.h">
        <Filter>Header Files</Filter>
    </ClInclude>
    <ClInclude Include="UNIX_IPConnectivitySubnetPrivate_SOLARIS.h">
        <Filter>Header Files</Filter>
    </ClInclude>
    <ClInclude Include="UNIX_IPConnectivitySubnetPrivate_STUB.h">
        <Filter>Header Files</Filter>
    </ClInclude>
    <ClInclude Include="UNIX_IPConnectivitySubnetPrivate_TRU64.h">
        <Filter>Header Files</Filter>
    </ClInclude>
    <ClInclude Include="UNIX_IPConnectivitySubnetPrivate_VMS.h">
        <Filter>Header Files</Filter>
    </ClInclude>
    <ClInclude Include="UNIX_IPConnectivitySubnetPrivate_ZOS.h">
        <Filter>Header Files</Filter>
    </ClInclude>
    <ClInclude Include="UNIX_IPConnectivitySubnetProvider.h">
        <Filter>Header Files</Filter>
    </ClInclude>
    <ClInclude Include="UNIX_IPConnectivitySubnet_AIX.hpp">
        <Filter>Header Files</Filter>
    </ClInclude>
    <ClInclude Include="UNIX_IPConnectivitySubnet_AIX.hxx">
        <Filter>Header Files</Filter>
    </ClInclude>
    <ClInclude Include="UNIX_IPConnectivitySubnet_DARWIN.hpp">
        <Filter>Header Files</Filter>
    </ClInclude>
    <ClInclude Include="UNIX_IPConnectivitySubnet_DARWIN.hxx">
        <Filter>Header Files</Filter>
    </ClInclude>
    <ClInclude Include="UNIX_IPConnectivitySubnet_FREEBSD.hpp">
        <Filter>Header Files</Filter>
    </ClInclude>
    <ClInclude Include="UNIX_IPConnectivitySubnet_FREEBSD.hxx">
        <Filter>Header Files</Filter>
    </ClInclude>
    <ClInclude Include="UNIX_IPConnectivitySubnet_HPUX.hpp">
        <Filter>Header Files</Filter>
    </ClInclude>
    <ClInclude Include="UNIX_IPConnectivitySubnet_HPUX.hxx">
        <Filter>Header Files</Filter>
    </ClInclude>
    <ClInclude Include="UNIX_IPConnectivitySubnet_LINUX.hpp">
        <Filter>Header Files</Filter>
    </ClInclude>
    <ClInclude Include="UNIX_IPConnectivitySubnet_LINUX.hxx">
        <Filter>Header Files</Filter>
    </ClInclude>
    <ClInclude Include="UNIX_IPConnectivitySubnet_SOLARIS.hpp">
        <Filter>Header Files</Filter>
    </ClInclude>
    <ClInclude Include="UNIX_IPConnectivitySubnet_SOLARIS.hxx">
        <Filter>Header Files</Filter>
    </ClInclude>
    <ClInclude Include="UNIX_IPConnectivitySubnet_STUB.hpp">
        <Filter>Header Files</Filter>
    </ClInclude>
    <ClInclude Include="UNIX_IPConnectivitySubnet_STUB.hxx">
        <Filter>Header Files</Filter>
    </ClInclude>
    <ClInclude Include="UNIX_IPConnectivitySubnet_TRU64.hpp">
        <Filter>Header Files</Filter>
    </ClInclude>
    <ClInclude Include="UNIX_IPConnectivitySubnet_TRU64.hxx">
        <Filter>Header Files</Filter>
    </ClInclude>
    <ClInclude Include="UNIX_IPConnectivitySubnet_VMS.hpp">
        <Filter>Header Files</Filter>
    </ClInclude>
    <ClInclude Include="UNIX_IPConnectivitySubnet_VMS.hxx">
        <Filter>Header Files</Filter>
    </ClInclude>
    <ClInclude Include="UNIX_IPConnectivitySubnet_WIN32.hpp">
        <Filter>Header Files</Filter>
    </ClInclude>
    <ClInclude Include="UNIX_IPConnectivitySubnet_ZOS.hpp">
        <Filter>Header Files</Filter>
    </ClInclude>
    <ClInclude Include="UNIX_IPConnectivitySubnet_ZOS.hxx">
        <Filter>Header Files</Filter>
    </ClInclude>
  </ItemGroup>
  <ItemGroup>
  </ItemGroup>
  <ItemGroup>
  </ItemGroup>
</Project>
