<?xml version="1.0" encoding="utf-8"?>
<Project ToolsVersion="4.0" xmlns="http://schemas.microsoft.com/developer/msbuild/2003">
  <ItemGroup>
    <Filter Include="Source Files">
      <UniqueIdentifier>{D59CBFA5-6CE6-497A-A1F1-A42E2B00C276}</UniqueIdentifier>
      <Extensions>cpp;c;cc;cxx;def;odl;idl;hpj;bat;asm;asmx</Extensions>
    </Filter>
    <Filter Include="Header Files">
      <UniqueIdentifier>{2565C0E8-7882-4A81-9858-0A85E1A714DA}</UniqueIdentifier>
      <Extensions>h;hh;hpp;hxx;hm;inl;inc;xsd</Extensions>
    </Filter>
    <Filter Include="Resource Files">
      <UniqueIdentifier>{EACE5DED-8B71-44AB-A1F7-4A24632277B7}</UniqueIdentifier>
      <Extensions>rc;ico;cur;bmp;dlg;rc2;rct;bin;rgs;gif;jpg;jpeg;jpe;resx;tiff;tif;png;wav;mfcribbon-ms</Extensions>
    </Filter>
  </ItemGroup>
  <ItemGroup>
    <ClCompile Include="../CIMHelper.cpp">
        <Filter>Source Files</Filter>
    </ClCompile>
    <ClCompile Include="UNIX_ConcreteComponentView.cpp">
        <Filter>Source Files</Filter>
    </ClCompile>
    <ClCompile Include="UNIX_ConcreteComponentViewMain.cpp">
        <Filter>Source Files</Filter>
    </ClCompile>
    <ClCompile Include="UNIX_ConcreteComponentViewProvider.cpp">
        <Filter>Source Files</Filter>
    </ClCompile>
    <ClCompile Include="UNIX_ConcreteComponentView_AIX.cpp">
        <Filter>Source Files</Filter>
    </ClCompile>
    <ClCompile Include="UNIX_ConcreteComponentView_DARWIN.cpp">
        <Filter>Source Files</Filter>
    </ClCompile>
    <ClCompile Include="UNIX_ConcreteComponentView_FREEBSD.cpp">
        <Filter>Source Files</Filter>
    </ClCompile>
    <ClCompile Include="UNIX_ConcreteComponentView_HPUX.cpp">
        <Filter>Source Files</Filter>
    </ClCompile>
    <ClCompile Include="UNIX_ConcreteComponentView_LINUX.cpp">
        <Filter>Source Files</Filter>
    </ClCompile>
    <ClCompile Include="UNIX_ConcreteComponentView_SOLARIS.cpp">
        <Filter>Source Files</Filter>
    </ClCompile>
    <ClCompile Include="UNIX_ConcreteComponentView_STUB.cpp">
        <Filter>Source Files</Filter>
    </ClCompile>
    <ClCompile Include="UNIX_ConcreteComponentView_TRU64.cpp">
        <Filter>Source Files</Filter>
    </ClCompile>
    <ClCompile Include="UNIX_ConcreteComponentView_VMS.cpp">
        <Filter>Source Files</Filter>
    </ClCompile>
    <ClCompile Include="UNIX_ConcreteComponentView_ZOS.cpp">
        <Filter>Source Files</Filter>
    </ClCompile>
  </ItemGroup>
  <ItemGroup>
    <ClInclude Include="Makefile">
        <Filter>Header Files</Filter>
    </ClInclude>
    <ClInclude Include="UNIX_ConcreteComponentView.cproj">
        <Filter>Header Files</Filter>
    </ClInclude>
    <ClInclude Include="UNIX_ConcreteComponentView.h">
        <Filter>Header Files</Filter>
    </ClInclude>
    <ClInclude Include="UNIX_ConcreteComponentView.md.pc">
        <Filter>Header Files</Filter>
    </ClInclude>
    <ClInclude Include="UNIX_ConcreteComponentView.vcxproj">
        <Filter>Header Files</Filter>
    </ClInclude>
    <ClInclude Include="UNIX_ConcreteComponentViewDeps.h">
        <Filter>Header Files</Filter>
    </ClInclude>
    <ClInclude Include="UNIX_ConcreteComponentViewDeps_AIX.h">
        <Filter>Header Files</Filter>
    </ClInclude>
    <ClInclude Include="UNIX_ConcreteComponentViewDeps_DARWIN.h">
        <Filter>Header Files</Filter>
    </ClInclude>
    <ClInclude Include="UNIX_ConcreteComponentViewDeps_FREEBSD.h">
        <Filter>Header Files</Filter>
    </ClInclude>
    <ClInclude Include="UNIX_ConcreteComponentViewDeps_HPUX.h">
        <Filter>Header Files</Filter>
    </ClInclude>
    <ClInclude Include="UNIX_ConcreteComponentViewDeps_LINUX.h">
        <Filter>Header Files</Filter>
    </ClInclude>
    <ClInclude Include="UNIX_ConcreteComponentViewDeps_SOLARIS.h">
        <Filter>Header Files</Filter>
    </ClInclude>
    <ClInclude Include="UNIX_ConcreteComponentViewDeps_STUB.h">
        <Filter>Header Files</Filter>
    </ClInclude>
    <ClInclude Include="UNIX_ConcreteComponentViewDeps_TRU64.h">
        <Filter>Header Files</Filter>
    </ClInclude>
    <ClInclude Include="UNIX_ConcreteComponentViewDeps_VMS.h">
        <Filter>Header Files</Filter>
    </ClInclude>
    <ClInclude Include="UNIX_ConcreteComponentViewDeps_ZOS.h">
        <Filter>Header Files</Filter>
    </ClInclude>
    <ClInclude Include="UNIX_ConcreteComponentViewPrivate.h">
        <Filter>Header Files</Filter>
    </ClInclude>
    <ClInclude Include="UNIX_ConcreteComponentViewPrivate_AIX.h">
        <Filter>Header Files</Filter>
    </ClInclude>
    <ClInclude Include="UNIX_ConcreteComponentViewPrivate_DARWIN.h">
        <Filter>Header Files</Filter>
    </ClInclude>
    <ClInclude Include="UNIX_ConcreteComponentViewPrivate_FREEBSD.h">
        <Filter>Header Files</Filter>
    </ClInclude>
    <ClInclude Include="UNIX_ConcreteComponentViewPrivate_HPUX.h">
        <Filter>Header Files</Filter>
    </ClInclude>
    <ClInclude Include="UNIX_ConcreteComponentViewPrivate_LINUX.h">
        <Filter>Header Files</Filter>
    </ClInclude>
    <ClInclude Include="UNIX_ConcreteComponentViewPrivate_SOLARIS.h">
        <Filter>Header Files</Filter>
    </ClInclude>
    <ClInclude Include="UNIX_ConcreteComponentViewPrivate_STUB.h">
        <Filter>Header Files</Filter>
    </ClInclude>
    <ClInclude Include="UNIX_ConcreteComponentViewPrivate_TRU64.h">
        <Filter>Header Files</Filter>
    </ClInclude>
    <ClInclude Include="UNIX_ConcreteComponentViewPrivate_VMS.h">
        <Filter>Header Files</Filter>
    </ClInclude>
    <ClInclude Include="UNIX_ConcreteComponentViewPrivate_ZOS.h">
        <Filter>Header Files</Filter>
    </ClInclude>
    <ClInclude Include="UNIX_ConcreteComponentViewProvider.h">
        <Filter>Header Files</Filter>
    </ClInclude>
    <ClInclude Include="UNIX_ConcreteComponentView_AIX.hpp">
        <Filter>Header Files</Filter>
    </ClInclude>
    <ClInclude Include="UNIX_ConcreteComponentView_AIX.hxx">
        <Filter>Header Files</Filter>
    </ClInclude>
    <ClInclude Include="UNIX_ConcreteComponentView_DARWIN.hpp">
        <Filter>Header Files</Filter>
    </ClInclude>
    <ClInclude Include="UNIX_ConcreteComponentView_DARWIN.hxx">
        <Filter>Header Files</Filter>
    </ClInclude>
    <ClInclude Include="UNIX_ConcreteComponentView_FREEBSD.hpp">
        <Filter>Header Files</Filter>
    </ClInclude>
    <ClInclude Include="UNIX_ConcreteComponentView_FREEBSD.hxx">
        <Filter>Header Files</Filter>
    </ClInclude>
    <ClInclude Include="UNIX_ConcreteComponentView_HPUX.hpp">
        <Filter>Header Files</Filter>
    </ClInclude>
    <ClInclude Include="UNIX_ConcreteComponentView_HPUX.hxx">
        <Filter>Header Files</Filter>
    </ClInclude>
    <ClInclude Include="UNIX_ConcreteComponentView_LINUX.hpp">
        <Filter>Header Files</Filter>
    </ClInclude>
    <ClInclude Include="UNIX_ConcreteComponentView_LINUX.hxx">
        <Filter>Header Files</Filter>
    </ClInclude>
    <ClInclude Include="UNIX_ConcreteComponentView_SOLARIS.hpp">
        <Filter>Header Files</Filter>
    </ClInclude>
    <ClInclude Include="UNIX_ConcreteComponentView_SOLARIS.hxx">
        <Filter>Header Files</Filter>
    </ClInclude>
    <ClInclude Include="UNIX_ConcreteComponentView_STUB.hpp">
        <Filter>Header Files</Filter>
    </ClInclude>
    <ClInclude Include="UNIX_ConcreteComponentView_STUB.hxx">
        <Filter>Header Files</Filter>
    </ClInclude>
    <ClInclude Include="UNIX_ConcreteComponentView_TRU64.hpp">
        <Filter>Header Files</Filter>
    </ClInclude>
    <ClInclude Include="UNIX_ConcreteComponentView_TRU64.hxx">
        <Filter>Header Files</Filter>
    </ClInclude>
    <ClInclude Include="UNIX_ConcreteComponentView_VMS.hpp">
        <Filter>Header Files</Filter>
    </ClInclude>
    <ClInclude Include="UNIX_ConcreteComponentView_VMS.hxx">
        <Filter>Header Files</Filter>
    </ClInclude>
    <ClInclude Include="UNIX_ConcreteComponentView_WIN32.hpp">
        <Filter>Header Files</Filter>
    </ClInclude>
    <ClInclude Include="UNIX_ConcreteComponentView_ZOS.hpp">
        <Filter>Header Files</Filter>
    </ClInclude>
    <ClInclude Include="UNIX_ConcreteComponentView_ZOS.hxx">
        <Filter>Header Files</Filter>
    </ClInclude>
  </ItemGroup>
  <ItemGroup>
  </ItemGroup>
  <ItemGroup>
  </ItemGroup>
</Project>
