<?xml version="1.0" encoding="utf-8"?>
<Project ToolsVersion="4.0" xmlns="http://schemas.microsoft.com/developer/msbuild/2003">
  <ItemGroup>
    <Filter Include="Source Files">
      <UniqueIdentifier>{FDAAE110-1E10-4725-9DA6-7172C2830110}</UniqueIdentifier>
      <Extensions>cpp;c;cc;cxx;def;odl;idl;hpj;bat;asm;asmx</Extensions>
    </Filter>
    <Filter Include="Header Files">
      <UniqueIdentifier>{02A019F2-D55C-4339-AA4B-88CDD95559BF}</UniqueIdentifier>
      <Extensions>h;hh;hpp;hxx;hm;inl;inc;xsd</Extensions>
    </Filter>
    <Filter Include="Resource Files">
      <UniqueIdentifier>{4C5437F2-709A-49CD-84A8-0DB1D0F5BD4E}</UniqueIdentifier>
      <Extensions>rc;ico;cur;bmp;dlg;rc2;rct;bin;rgs;gif;jpg;jpeg;jpe;resx;tiff;tif;png;wav;mfcribbon-ms</Extensions>
    </Filter>
  </ItemGroup>
  <ItemGroup>
    <ClCompile Include="../MockResponseHandler.cpp">
        <Filter>Source Files</Filter>
    </ClCompile>
    <ClCompile Include="UNIX_SwitchPortSpanningTreeStatisticsFixture.cpp">
        <Filter>Source Files</Filter>
    </ClCompile>
    <ClCompile Include="main.cpp">
        <Filter>Source Files</Filter>
    </ClCompile>
  </ItemGroup>
  <ItemGroup>
    <ClInclude Include="RunTestUNIX_SwitchPortSpanningTreeStatistics.sh">
        <Filter>Header Files</Filter>
    </ClInclude>
    <ClInclude Include="UNIX_SwitchPortSpanningTreeStatistics.Tests.cproj">
        <Filter>Header Files</Filter>
    </ClInclude>
    <ClInclude Include="UNIX_SwitchPortSpanningTreeStatistics.Tests.vcxproj">
        <Filter>Header Files</Filter>
    </ClInclude>
    <ClInclude Include="UNIX_SwitchPortSpanningTreeStatisticsFixture.h">
        <Filter>Header Files</Filter>
    </ClInclude>
  </ItemGroup>
  <ItemGroup>
  </ItemGroup>
</Project>
