<?xml version="1.0" encoding="utf-8"?>
<Project ToolsVersion="4.0" xmlns="http://schemas.microsoft.com/developer/msbuild/2003">
  <ItemGroup>
    <Filter Include="Source Files">
      <UniqueIdentifier>{83BF823B-CF3B-4918-A8A2-D005D8B94777}</UniqueIdentifier>
      <Extensions>cpp;c;cc;cxx;def;odl;idl;hpj;bat;asm;asmx</Extensions>
    </Filter>
    <Filter Include="Header Files">
      <UniqueIdentifier>{263D5377-D6AB-41E2-B1A5-AB7F856AE549}</UniqueIdentifier>
      <Extensions>h;hh;hpp;hxx;hm;inl;inc;xsd</Extensions>
    </Filter>
    <Filter Include="Resource Files">
      <UniqueIdentifier>{F339BD9C-9894-4563-8D88-7216C6FB623C}</UniqueIdentifier>
      <Extensions>rc;ico;cur;bmp;dlg;rc2;rct;bin;rgs;gif;jpg;jpeg;jpe;resx;tiff;tif;png;wav;mfcribbon-ms</Extensions>
    </Filter>
  </ItemGroup>
  <ItemGroup>
    <ClCompile Include="../MockResponseHandler.cpp">
        <Filter>Source Files</Filter>
    </ClCompile>
    <ClCompile Include="UNIX_WORMDriveFixture.cpp">
        <Filter>Source Files</Filter>
    </ClCompile>
    <ClCompile Include="main.cpp">
        <Filter>Source Files</Filter>
    </ClCompile>
  </ItemGroup>
  <ItemGroup>
    <ClInclude Include="RunTestUNIX_WORMDrive.sh">
        <Filter>Header Files</Filter>
    </ClInclude>
    <ClInclude Include="UNIX_WORMDrive.Tests.cproj">
        <Filter>Header Files</Filter>
    </ClInclude>
    <ClInclude Include="UNIX_WORMDrive.Tests.vcxproj">
        <Filter>Header Files</Filter>
    </ClInclude>
    <ClInclude Include="UNIX_WORMDriveFixture.h">
        <Filter>Header Files</Filter>
    </ClInclude>
  </ItemGroup>
  <ItemGroup>
  </ItemGroup>
</Project>
